
Microsoft Visual Studio Solution File, Format Version 12.00
Project("{2150E333-8FDC-42A3-9474-1A3956D46DE8}") = "Services", "Services", "{ECA317BF-F5BD-44F6-972D-940522884104}"
EndProject
Project("{2150E333-8FDC-42A3-9474-1A3956D46DE8}") = "Integration", "Integration", "{41AC64A9-C346-4FAC-913D-03DD10F184C3}"
EndProject
Project("{2150E333-8FDC-42A3-9474-1A3956D46DE8}") = "Gateway", "Gateway", "{F35FF468-A295-4DFB-9AA5-69311D543026}"
EndProject
Project("{FAE04EC0-301F-11D3-BF4B-00C04F79EFBC}") = "TicketTVD.MessageBus", "TicketTVD.MessageBus\TicketTVD.MessageBus.csproj", "{D6F9D04A-9C55-47AF-808D-A73B981369E5}"
EndProject
Project("{FAE04EC0-301F-11D3-BF4B-00C04F79EFBC}") = "TicketTVD.GatewaySolution", "TicketTVD.GatewaySolution\TicketTVD.GatewaySolution.csproj", "{15C1031C-3028-4DC9-B06C-E1FC5E4295AF}"
EndProject
Project("{FAE04EC0-301F-11D3-BF4B-00C04F79EFBC}") = "TicketTVD.Services.AuthAPI", "TicketTVD.Services.AuthAPI\TicketTVD.Services.AuthAPI.csproj", "{133B7CF0-8300-4306-8902-0B5D61E8FEA6}"
EndProject
Project("{FAE04EC0-301F-11D3-BF4B-00C04F79EFBC}") = "TicketTVD.Services.EventAPI", "TicketTVD.Services.EventAPI\TicketTVD.Services.EventAPI.csproj", "{D1CD3B5E-FF0D-48B5-AC02-5936D46C5695}"
EndProject
Project("{FAE04EC0-301F-11D3-BF4B-00C04F79EFBC}") = "TicketTVD.Services.CategoryAPI", "TicketTVD.Services.CategoryAPI\TicketTVD.Services.CategoryAPI.csproj", "{47282C5C-A480-48EE-BE9F-00E11174AFF3}"
EndProject
Project("{FAE04EC0-301F-11D3-BF4B-00C04F79EFBC}") = "TicketTVD.Services.EmailAPI", "TicketTVD.Services.EmailAPI\TicketTVD.Services.EmailAPI.csproj", "{2385A76F-9301-4C52-B7EA-F72DE8025808}"
EndProject
Project("{FAE04EC0-301F-11D3-BF4B-00C04F79EFBC}") = "TicketTVD.Services.TicketAPI", "TicketTVD.Services.TicketAPI\TicketTVD.Services.TicketAPI.csproj", "{31AF5F3D-9955-41E8-B2AE-9EC1AB76D57F}"
EndProject
Project("{FAE04EC0-301F-11D3-BF4B-00C04F79EFBC}") = "TicketTVD.Services.PaymentAPI", "TicketTVD.Services.PaymentAPI\TicketTVD.Services.PaymentAPI.csproj", "{46AB7F97-5FCE-4858-A66E-7E7EA41AD047}"
EndProject
Project("{FAE04EC0-301F-11D3-BF4B-00C04F79EFBC}") = "TicketTVD.Services.FileAPI", "TicketTVD.Services.FileAPI\TicketTVD.Services.FileAPI.csproj", "{D6F2B4B3-6C8D-4B04-A732-10613E3A60FD}"
EndProject
Global
	GlobalSection(SolutionConfigurationPlatforms) = preSolution
		Debug|Any CPU = Debug|Any CPU
		Release|Any CPU = Release|Any CPU
	EndGlobalSection
	GlobalSection(NestedProjects) = preSolution
		{D6F9D04A-9C55-47AF-808D-A73B981369E5} = {41AC64A9-C346-4FAC-913D-03DD10F184C3}
		{15C1031C-3028-4DC9-B06C-E1FC5E4295AF} = {F35FF468-A295-4DFB-9AA5-69311D543026}
		{133B7CF0-8300-4306-8902-0B5D61E8FEA6} = {ECA317BF-F5BD-44F6-972D-940522884104}
		{D1CD3B5E-FF0D-48B5-AC02-5936D46C5695} = {ECA317BF-F5BD-44F6-972D-940522884104}
		{47282C5C-A480-48EE-BE9F-00E11174AFF3} = {ECA317BF-F5BD-44F6-972D-940522884104}
		{2385A76F-9301-4C52-B7EA-F72DE8025808} = {ECA317BF-F5BD-44F6-972D-940522884104}
		{31AF5F3D-9955-41E8-B2AE-9EC1AB76D57F} = {ECA317BF-F5BD-44F6-972D-940522884104}
		{46AB7F97-5FCE-4858-A66E-7E7EA41AD047} = {ECA317BF-F5BD-44F6-972D-940522884104}
		{D6F2B4B3-6C8D-4B04-A732-10613E3A60FD} = {ECA317BF-F5BD-44F6-972D-940522884104}
	EndGlobalSection
	GlobalSection(ProjectConfigurationPlatforms) = postSolution
		{D6F9D04A-9C55-47AF-808D-A73B981369E5}.Debug|Any CPU.ActiveCfg = Debug|Any CPU
		{D6F9D04A-9C55-47AF-808D-A73B981369E5}.Debug|Any CPU.Build.0 = Debug|Any CPU
		{D6F9D04A-9C55-47AF-808D-A73B981369E5}.Release|Any CPU.ActiveCfg = Release|Any CPU
		{D6F9D04A-9C55-47AF-808D-A73B981369E5}.Release|Any CPU.Build.0 = Release|Any CPU
		{15C1031C-3028-4DC9-B06C-E1FC5E4295AF}.Debug|Any CPU.ActiveCfg = Debug|Any CPU
		{15C1031C-3028-4DC9-B06C-E1FC5E4295AF}.Debug|Any CPU.Build.0 = Debug|Any CPU
		{15C1031C-3028-4DC9-B06C-E1FC5E4295AF}.Release|Any CPU.ActiveCfg = Release|Any CPU
		{15C1031C-3028-4DC9-B06C-E1FC5E4295AF}.Release|Any CPU.Build.0 = Release|Any CPU
		{133B7CF0-8300-4306-8902-0B5D61E8FEA6}.Debug|Any CPU.ActiveCfg = Debug|Any CPU
		{133B7CF0-8300-4306-8902-0B5D61E8FEA6}.Debug|Any CPU.Build.0 = Debug|Any CPU
		{133B7CF0-8300-4306-8902-0B5D61E8FEA6}.Release|Any CPU.ActiveCfg = Release|Any CPU
		{133B7CF0-8300-4306-8902-0B5D61E8FEA6}.Release|Any CPU.Build.0 = Release|Any CPU
		{D1CD3B5E-FF0D-48B5-AC02-5936D46C5695}.Debug|Any CPU.ActiveCfg = Debug|Any CPU
		{D1CD3B5E-FF0D-48B5-AC02-5936D46C5695}.Debug|Any CPU.Build.0 = Debug|Any CPU
		{D1CD3B5E-FF0D-48B5-AC02-5936D46C5695}.Release|Any CPU.ActiveCfg = Release|Any CPU
		{D1CD3B5E-FF0D-48B5-AC02-5936D46C5695}.Release|Any CPU.Build.0 = Release|Any CPU
		{47282C5C-A480-48EE-BE9F-00E11174AFF3}.Debug|Any CPU.ActiveCfg = Debug|Any CPU
		{47282C5C-A480-48EE-BE9F-00E11174AFF3}.Debug|Any CPU.Build.0 = Debug|Any CPU
		{47282C5C-A480-48EE-BE9F-00E11174AFF3}.Release|Any CPU.ActiveCfg = Release|Any CPU
		{47282C5C-A480-48EE-BE9F-00E11174AFF3}.Release|Any CPU.Build.0 = Release|Any CPU
		{2385A76F-9301-4C52-B7EA-F72DE8025808}.Debug|Any CPU.ActiveCfg = Debug|Any CPU
		{2385A76F-9301-4C52-B7EA-F72DE8025808}.Debug|Any CPU.Build.0 = Debug|Any CPU
		{2385A76F-9301-4C52-B7EA-F72DE8025808}.Release|Any CPU.ActiveCfg = Release|Any CPU
		{2385A76F-9301-4C52-B7EA-F72DE8025808}.Release|Any CPU.Build.0 = Release|Any CPU
		{31AF5F3D-9955-41E8-B2AE-9EC1AB76D57F}.Debug|Any CPU.ActiveCfg = Debug|Any CPU
		{31AF5F3D-9955-41E8-B2AE-9EC1AB76D57F}.Debug|Any CPU.Build.0 = Debug|Any CPU
		{31AF5F3D-9955-41E8-B2AE-9EC1AB76D57F}.Release|Any CPU.ActiveCfg = Release|Any CPU
		{31AF5F3D-9955-41E8-B2AE-9EC1AB76D57F}.Release|Any CPU.Build.0 = Release|Any CPU
		{46AB7F97-5FCE-4858-A66E-7E7EA41AD047}.Debug|Any CPU.ActiveCfg = Debug|Any CPU
		{46AB7F97-5FCE-4858-A66E-7E7EA41AD047}.Debug|Any CPU.Build.0 = Debug|Any CPU
		{46AB7F97-5FCE-4858-A66E-7E7EA41AD047}.Release|Any CPU.ActiveCfg = Release|Any CPU
		{46AB7F97-5FCE-4858-A66E-7E7EA41AD047}.Release|Any CPU.Build.0 = Release|Any CPU
		{D6F2B4B3-6C8D-4B04-A732-10613E3A60FD}.Debug|Any CPU.ActiveCfg = Debug|Any CPU
		{D6F2B4B3-6C8D-4B04-A732-10613E3A60FD}.Debug|Any CPU.Build.0 = Debug|Any CPU
		{D6F2B4B3-6C8D-4B04-A732-10613E3A60FD}.Release|Any CPU.ActiveCfg = Release|Any CPU
		{D6F2B4B3-6C8D-4B04-A732-10613E3A60FD}.Release|Any CPU.Build.0 = Release|Any CPU
	EndGlobalSection
EndGlobal
